
Microsoft Visual Studio Solution File, Format Version 12.00
# Visual Studio Version 17
VisualStudioVersion = 17.5.002.0
MinimumVisualStudioVersion = 10.0.40219.1
Project("{9A19103F-16F7-4668-BE54-9A1E7A4F7556}") = "Viota-Motors", "Viota-Motors\Viota-Motors.csproj", "{54F0AFC5-4125-4FD9-A722-28471E697C0E}"
EndProject
Global
	GlobalSection(SolutionConfigurationPlatforms) = preSolution
		Debug|Any CPU = Debug|Any CPU
		Release|Any CPU = Release|Any CPU
	EndGlobalSection
	GlobalSection(ProjectConfigurationPlatforms) = postSolution
		{54F0AFC5-4125-4FD9-A722-28471E697C0E}.Debug|Any CPU.ActiveCfg = Debug|Any CPU
		{54F0AFC5-4125-4FD9-A722-28471E697C0E}.Debug|Any CPU.Build.0 = Debug|Any CPU
		{54F0AFC5-4125-4FD9-A722-28471E697C0E}.Release|Any CPU.ActiveCfg = Release|Any CPU
		{54F0AFC5-4125-4FD9-A722-28471E697C0E}.Release|Any CPU.Build.0 = Release|Any CPU
	EndGlobalSection
	GlobalSection(SolutionProperties) = preSolution
		HideSolutionNode = FALSE
	EndGlobalSection
	GlobalSection(ExtensibilityGlobals) = postSolution
		SolutionGuid = {6AF82A2B-726E-4475-822A-0CF19527A2EE}
	EndGlobalSection
EndGlobal
